// !$*UTF8*$!
{
	archiveVersion = 1;
	classes = {
	};
	objectVersion = 56;
	objects = {

/* Begin PBXBuildFile section */
		AC30FF7E2B7C958600A2FEB1 /* StarView.swift in Sources */ = {isa = PBXBuildFile; fileRef = AC30FF7D2B7C958600A2FEB1 /* StarView.swift */; };
		EF36AD242B74205700438A72 /* generic_api_backedApp.swift in Sources */ = {isa = PBXBuildFile; fileRef = EF36AD232B74205700438A72 /* generic_api_backedApp.swift */; };
		EF36AD262B74205700438A72 /* ContentView.swift in Sources */ = {isa = PBXBuildFile; fileRef = EF36AD252B74205700438A72 /* ContentView.swift */; };
		EF36AD282B74205800438A72 /* Assets.xcassets in Resources */ = {isa = PBXBuildFile; fileRef = EF36AD272B74205800438A72 /* Assets.xcassets */; };
		EF36AD2B2B74205800438A72 /* Preview Assets.xcassets in Resources */ = {isa = PBXBuildFile; fileRef = EF36AD2A2B74205800438A72 /* Preview Assets.xcassets */; };
		EF36AD352B74205800438A72 /* generic_api_backedTests.swift in Sources */ = {isa = PBXBuildFile; fileRef = EF36AD342B74205800438A72 /* generic_api_backedTests.swift */; };
		EF36AD3F2B74205800438A72 /* generic_api_backedUITests.swift in Sources */ = {isa = PBXBuildFile; fileRef = EF36AD3E2B74205800438A72 /* generic_api_backedUITests.swift */; };
		EF36AD412B74205800438A72 /* generic_api_backedUITestsLaunchTests.swift in Sources */ = {isa = PBXBuildFile; fileRef = EF36AD402B74205800438A72 /* generic_api_backedUITestsLaunchTests.swift */; };
		EF4579242B7AB7BB00CABE3D /* OurAPI.swift in Sources */ = {isa = PBXBuildFile; fileRef = EF4579232B7AB7BB00CABE3D /* OurAPI.swift */; };
		EF5601B12B83CC040008CF63 /* NavConfig.swift in Sources */ = {isa = PBXBuildFile; fileRef = EF5601B02B83CC040008CF63 /* NavConfig.swift */; };
		EF5601B42B83D6C10008CF63 /* SearchButton.swift in Sources */ = {isa = PBXBuildFile; fileRef = EF5601B32B83D6C10008CF63 /* SearchButton.swift */; };
		EF6DDA5D2B7D5A97007C9BAE /* ReportsArticlesHomeView.swift in Sources */ = {isa = PBXBuildFile; fileRef = EF6DDA5C2B7D5A97007C9BAE /* ReportsArticlesHomeView.swift */; };
		EF6DDA5F2B7D5ACF007C9BAE /* HomeScreenView.swift in Sources */ = {isa = PBXBuildFile; fileRef = EF6DDA5E2B7D5ACF007C9BAE /* HomeScreenView.swift */; };
		EF7C5E372B7AFEFB0053B85B /* SpaceFlightReport.swift in Sources */ = {isa = PBXBuildFile; fileRef = EF7C5E362B7AFEFB0053B85B /* SpaceFlightReport.swift */; };
		EF7C5E392B7B24210053B85B /* ReportDetailView.swift in Sources */ = {isa = PBXBuildFile; fileRef = EF7C5E382B7B24210053B85B /* ReportDetailView.swift */; };
		EF7C5E3D2B7BDB350053B85B /* ReportListView.swift in Sources */ = {isa = PBXBuildFile; fileRef = EF7C5E3C2B7BDB350053B85B /* ReportListView.swift */; };
		EF7C5E412B7BE4080053B85B /* ReportItemView.swift in Sources */ = {isa = PBXBuildFile; fileRef = EF7C5E402B7BE4080053B85B /* ReportItemView.swift */; };
		EFBA7DDA2B7C2CF4009F7DBA /* ArticleListView.swift in Sources */ = {isa = PBXBuildFile; fileRef = EFBA7DD92B7C2CF4009F7DBA /* ArticleListView.swift */; };
		EFBA7DDE2B7C2F80009F7DBA /* SpaceFlightArticle.swift in Sources */ = {isa = PBXBuildFile; fileRef = EFBA7DDD2B7C2F80009F7DBA /* SpaceFlightArticle.swift */; };
		EFBA7DE22B7C2FEC009F7DBA /* ArticleItemView.swift in Sources */ = {isa = PBXBuildFile; fileRef = EFBA7DE12B7C2FEC009F7DBA /* ArticleItemView.swift */; };
		EFBA7DE42B7C2FF6009F7DBA /* ArticleDetailView.swift in Sources */ = {isa = PBXBuildFile; fileRef = EFBA7DE32B7C2FF6009F7DBA /* ArticleDetailView.swift */; };
/* End PBXBuildFile section */

/* Begin PBXContainerItemProxy section */
		EF36AD312B74205800438A72 /* PBXContainerItemProxy */ = {
			isa = PBXContainerItemProxy;
			containerPortal = EF36AD182B74205700438A72 /* Project object */;
			proxyType = 1;
			remoteGlobalIDString = EF36AD1F2B74205700438A72;
			remoteInfo = "generic-api-backed";
		};
		EF36AD3B2B74205800438A72 /* PBXContainerItemProxy */ = {
			isa = PBXContainerItemProxy;
			containerPortal = EF36AD182B74205700438A72 /* Project object */;
			proxyType = 1;
			remoteGlobalIDString = EF36AD1F2B74205700438A72;
			remoteInfo = "generic-api-backed";
		};
/* End PBXContainerItemProxy section */

/* Begin PBXFileReference section */
		AC30FF7D2B7C958600A2FEB1 /* StarView.swift */ = {isa = PBXFileReference; lastKnownFileType = sourcecode.swift; path = StarView.swift; sourceTree = "<group>"; };
		EF36AD202B74205700438A72 /* generic-api-backed.app */ = {isa = PBXFileReference; explicitFileType = wrapper.application; includeInIndex = 0; path = "generic-api-backed.app"; sourceTree = BUILT_PRODUCTS_DIR; };
		EF36AD232B74205700438A72 /* generic_api_backedApp.swift */ = {isa = PBXFileReference; lastKnownFileType = sourcecode.swift; path = generic_api_backedApp.swift; sourceTree = "<group>"; };
		EF36AD252B74205700438A72 /* ContentView.swift */ = {isa = PBXFileReference; lastKnownFileType = sourcecode.swift; path = ContentView.swift; sourceTree = "<group>"; };
		EF36AD272B74205800438A72 /* Assets.xcassets */ = {isa = PBXFileReference; lastKnownFileType = folder.assetcatalog; path = Assets.xcassets; sourceTree = "<group>"; };
		EF36AD2A2B74205800438A72 /* Preview Assets.xcassets */ = {isa = PBXFileReference; lastKnownFileType = folder.assetcatalog; path = "Preview Assets.xcassets"; sourceTree = "<group>"; };
		EF36AD302B74205800438A72 /* generic-api-backedTests.xctest */ = {isa = PBXFileReference; explicitFileType = wrapper.cfbundle; includeInIndex = 0; path = "generic-api-backedTests.xctest"; sourceTree = BUILT_PRODUCTS_DIR; };
		EF36AD342B74205800438A72 /* generic_api_backedTests.swift */ = {isa = PBXFileReference; lastKnownFileType = sourcecode.swift; path = generic_api_backedTests.swift; sourceTree = "<group>"; };
		EF36AD3A2B74205800438A72 /* generic-api-backedUITests.xctest */ = {isa = PBXFileReference; explicitFileType = wrapper.cfbundle; includeInIndex = 0; path = "generic-api-backedUITests.xctest"; sourceTree = BUILT_PRODUCTS_DIR; };
		EF36AD3E2B74205800438A72 /* generic_api_backedUITests.swift */ = {isa = PBXFileReference; lastKnownFileType = sourcecode.swift; path = generic_api_backedUITests.swift; sourceTree = "<group>"; };
		EF36AD402B74205800438A72 /* generic_api_backedUITestsLaunchTests.swift */ = {isa = PBXFileReference; lastKnownFileType = sourcecode.swift; path = generic_api_backedUITestsLaunchTests.swift; sourceTree = "<group>"; };
		EF4579232B7AB7BB00CABE3D /* OurAPI.swift */ = {isa = PBXFileReference; lastKnownFileType = sourcecode.swift; path = OurAPI.swift; sourceTree = "<group>"; };
		EF5601B02B83CC040008CF63 /* NavConfig.swift */ = {isa = PBXFileReference; lastKnownFileType = sourcecode.swift; name = NavConfig.swift; path = "generic-api-backed/Assets/NavConfig.swift"; sourceTree = SOURCE_ROOT; };
		EF5601B32B83D6C10008CF63 /* SearchButton.swift */ = {isa = PBXFileReference; lastKnownFileType = sourcecode.swift; path = SearchButton.swift; sourceTree = "<group>"; };
		EF6DDA5C2B7D5A97007C9BAE /* ReportsArticlesHomeView.swift */ = {isa = PBXFileReference; lastKnownFileType = sourcecode.swift; path = ReportsArticlesHomeView.swift; sourceTree = "<group>"; };
		EF6DDA5E2B7D5ACF007C9BAE /* HomeScreenView.swift */ = {isa = PBXFileReference; lastKnownFileType = sourcecode.swift; path = HomeScreenView.swift; sourceTree = "<group>"; };
		EF7C5E362B7AFEFB0053B85B /* SpaceFlightReport.swift */ = {isa = PBXFileReference; lastKnownFileType = sourcecode.swift; path = SpaceFlightReport.swift; sourceTree = "<group>"; };
		EF7C5E382B7B24210053B85B /* ReportDetailView.swift */ = {isa = PBXFileReference; lastKnownFileType = sourcecode.swift; path = ReportDetailView.swift; sourceTree = "<group>"; };
		EF7C5E3C2B7BDB350053B85B /* ReportListView.swift */ = {isa = PBXFileReference; lastKnownFileType = sourcecode.swift; path = ReportListView.swift; sourceTree = "<group>"; };
		EF7C5E402B7BE4080053B85B /* ReportItemView.swift */ = {isa = PBXFileReference; lastKnownFileType = sourcecode.swift; path = ReportItemView.swift; sourceTree = "<group>"; };
		EFBA7DD92B7C2CF4009F7DBA /* ArticleListView.swift */ = {isa = PBXFileReference; lastKnownFileType = sourcecode.swift; path = ArticleListView.swift; sourceTree = "<group>"; };
		EFBA7DDD2B7C2F80009F7DBA /* SpaceFlightArticle.swift */ = {isa = PBXFileReference; lastKnownFileType = sourcecode.swift; path = SpaceFlightArticle.swift; sourceTree = "<group>"; };
		EFBA7DE12B7C2FEC009F7DBA /* ArticleItemView.swift */ = {isa = PBXFileReference; lastKnownFileType = sourcecode.swift; path = ArticleItemView.swift; sourceTree = "<group>"; };
		EFBA7DE32B7C2FF6009F7DBA /* ArticleDetailView.swift */ = {isa = PBXFileReference; lastKnownFileType = sourcecode.swift; path = ArticleDetailView.swift; sourceTree = "<group>"; };
/* End PBXFileReference section */

/* Begin PBXFrameworksBuildPhase section */
		EF36AD1D2B74205700438A72 /* Frameworks */ = {
			isa = PBXFrameworksBuildPhase;
			buildActionMask = 2147483647;
			files = (
			);
			runOnlyForDeploymentPostprocessing = 0;
		};
		EF36AD2D2B74205800438A72 /* Frameworks */ = {
			isa = PBXFrameworksBuildPhase;
			buildActionMask = 2147483647;
			files = (
			);
			runOnlyForDeploymentPostprocessing = 0;
		};
		EF36AD372B74205800438A72 /* Frameworks */ = {
			isa = PBXFrameworksBuildPhase;
			buildActionMask = 2147483647;
			files = (
			);
			runOnlyForDeploymentPostprocessing = 0;
		};
/* End PBXFrameworksBuildPhase section */

/* Begin PBXGroup section */
		EF36AD172B74205700438A72 = {
			isa = PBXGroup;
			children = (
				EF36AD222B74205700438A72 /* generic-api-backed */,
				EF36AD332B74205800438A72 /* generic-api-backedTests */,
				EF36AD3D2B74205800438A72 /* generic-api-backedUITests */,
				EF36AD212B74205700438A72 /* Products */,
			);
			sourceTree = "<group>";
		};
		EF36AD212B74205700438A72 /* Products */ = {
			isa = PBXGroup;
			children = (
				EF36AD202B74205700438A72 /* generic-api-backed.app */,
				EF36AD302B74205800438A72 /* generic-api-backedTests.xctest */,
				EF36AD3A2B74205800438A72 /* generic-api-backedUITests.xctest */,
			);
			name = Products;
			sourceTree = "<group>";
		};
		EF36AD222B74205700438A72 /* generic-api-backed */ = {
			isa = PBXGroup;
			children = (
				EF36AD232B74205700438A72 /* generic_api_backedApp.swift */,
				EF36AD252B74205700438A72 /* ContentView.swift */,
				EF4579282B7AB82400CABE3D /* APIs */,
				EF5601B22B83D6A90008CF63 /* Assets */,
				EF4579272B7AB81B00CABE3D /* Models */,
				EF4579252B7AB7FB00CABE3D /* Views */,
				EF36AD272B74205800438A72 /* Assets.xcassets */,
				EF36AD292B74205800438A72 /* Preview Content */,
			);
			path = "generic-api-backed";
			sourceTree = "<group>";
		};
		EF36AD292B74205800438A72 /* Preview Content */ = {
			isa = PBXGroup;
			children = (
				EF36AD2A2B74205800438A72 /* Preview Assets.xcassets */,
			);
			path = "Preview Content";
			sourceTree = "<group>";
		};
		EF36AD332B74205800438A72 /* generic-api-backedTests */ = {
			isa = PBXGroup;
			children = (
				EF36AD342B74205800438A72 /* generic_api_backedTests.swift */,
			);
			path = "generic-api-backedTests";
			sourceTree = "<group>";
		};
		EF36AD3D2B74205800438A72 /* generic-api-backedUITests */ = {
			isa = PBXGroup;
			children = (
				EF36AD3E2B74205800438A72 /* generic_api_backedUITests.swift */,
				EF36AD402B74205800438A72 /* generic_api_backedUITestsLaunchTests.swift */,
			);
			path = "generic-api-backedUITests";
			sourceTree = "<group>";
		};
		EF4579252B7AB7FB00CABE3D /* Views */ = {
			isa = PBXGroup;
			children = (
				EF6DDA5C2B7D5A97007C9BAE /* ReportsArticlesHomeView.swift */,
				EFBA7DE02B7C2FC8009F7DBA /* Report */,
				EFBA7DDF2B7C2FC3009F7DBA /* Article */,
				EF6DDA5E2B7D5ACF007C9BAE /* HomeScreenView.swift */,
			);
			path = Views;
			sourceTree = "<group>";
		};
		EF4579272B7AB81B00CABE3D /* Models */ = {
			isa = PBXGroup;
			children = (
				EF7C5E362B7AFEFB0053B85B /* SpaceFlightReport.swift */,
				EFBA7DDD2B7C2F80009F7DBA /* SpaceFlightArticle.swift */,
			);
			path = Models;
			sourceTree = "<group>";
		};
		EF4579282B7AB82400CABE3D /* APIs */ = {
			isa = PBXGroup;
			children = (
				EF4579232B7AB7BB00CABE3D /* OurAPI.swift */,
			);
			path = APIs;
			sourceTree = "<group>";
		};
		EF5601B22B83D6A90008CF63 /* Assets */ = {
			isa = PBXGroup;
			children = (
				EF5601B02B83CC040008CF63 /* NavConfig.swift */,
				EF5601B32B83D6C10008CF63 /* SearchButton.swift */,
				AC30FF7D2B7C958600A2FEB1 /* StarView.swift */,
			);
			path = Assets;
			sourceTree = "<group>";
		};
		EFBA7DDF2B7C2FC3009F7DBA /* Article */ = {
			isa = PBXGroup;
			children = (
				EFBA7DD92B7C2CF4009F7DBA /* ArticleListView.swift */,
				EFBA7DE12B7C2FEC009F7DBA /* ArticleItemView.swift */,
				EFBA7DE32B7C2FF6009F7DBA /* ArticleDetailView.swift */,
			);
			path = Article;
			sourceTree = "<group>";
		};
		EFBA7DE02B7C2FC8009F7DBA /* Report */ = {
			isa = PBXGroup;
			children = (
				EF7C5E3C2B7BDB350053B85B /* ReportListView.swift */,
				EF7C5E402B7BE4080053B85B /* ReportItemView.swift */,
				EF7C5E382B7B24210053B85B /* ReportDetailView.swift */,
			);
			path = Report;
			sourceTree = "<group>";
		};
/* End PBXGroup section */

/* Begin PBXNativeTarget section */
		EF36AD1F2B74205700438A72 /* generic-api-backed */ = {
			isa = PBXNativeTarget;
			buildConfigurationList = EF36AD442B74205800438A72 /* Build configuration list for PBXNativeTarget "generic-api-backed" */;
			buildPhases = (
				EF36AD1C2B74205700438A72 /* Sources */,
				EF36AD1D2B74205700438A72 /* Frameworks */,
				EF36AD1E2B74205700438A72 /* Resources */,
			);
			buildRules = (
			);
			dependencies = (
			);
			name = "generic-api-backed";
			productName = "generic-api-backed";
			productReference = EF36AD202B74205700438A72 /* generic-api-backed.app */;
			productType = "com.apple.product-type.application";
		};
		EF36AD2F2B74205800438A72 /* generic-api-backedTests */ = {
			isa = PBXNativeTarget;
			buildConfigurationList = EF36AD472B74205800438A72 /* Build configuration list for PBXNativeTarget "generic-api-backedTests" */;
			buildPhases = (
				EF36AD2C2B74205800438A72 /* Sources */,
				EF36AD2D2B74205800438A72 /* Frameworks */,
				EF36AD2E2B74205800438A72 /* Resources */,
			);
			buildRules = (
			);
			dependencies = (
				EF36AD322B74205800438A72 /* PBXTargetDependency */,
			);
			name = "generic-api-backedTests";
			productName = "generic-api-backedTests";
			productReference = EF36AD302B74205800438A72 /* generic-api-backedTests.xctest */;
			productType = "com.apple.product-type.bundle.unit-test";
		};
		EF36AD392B74205800438A72 /* generic-api-backedUITests */ = {
			isa = PBXNativeTarget;
			buildConfigurationList = EF36AD4A2B74205800438A72 /* Build configuration list for PBXNativeTarget "generic-api-backedUITests" */;
			buildPhases = (
				EF36AD362B74205800438A72 /* Sources */,
				EF36AD372B74205800438A72 /* Frameworks */,
				EF36AD382B74205800438A72 /* Resources */,
			);
			buildRules = (
			);
			dependencies = (
				EF36AD3C2B74205800438A72 /* PBXTargetDependency */,
			);
			name = "generic-api-backedUITests";
			productName = "generic-api-backedUITests";
			productReference = EF36AD3A2B74205800438A72 /* generic-api-backedUITests.xctest */;
			productType = "com.apple.product-type.bundle.ui-testing";
		};
/* End PBXNativeTarget section */

/* Begin PBXProject section */
		EF36AD182B74205700438A72 /* Project object */ = {
			isa = PBXProject;
			attributes = {
				BuildIndependentTargetsInParallel = 1;
				LastSwiftUpdateCheck = 1520;
				LastUpgradeCheck = 1520;
				TargetAttributes = {
					EF36AD1F2B74205700438A72 = {
						CreatedOnToolsVersion = 15.2;
					};
					EF36AD2F2B74205800438A72 = {
						CreatedOnToolsVersion = 15.2;
						TestTargetID = EF36AD1F2B74205700438A72;
					};
					EF36AD392B74205800438A72 = {
						CreatedOnToolsVersion = 15.2;
						TestTargetID = EF36AD1F2B74205700438A72;
					};
				};
			};
			buildConfigurationList = EF36AD1B2B74205700438A72 /* Build configuration list for PBXProject "generic-api-backed" */;
			compatibilityVersion = "Xcode 14.0";
			developmentRegion = en;
			hasScannedForEncodings = 0;
			knownRegions = (
				en,
				Base,
			);
			mainGroup = EF36AD172B74205700438A72;
			productRefGroup = EF36AD212B74205700438A72 /* Products */;
			projectDirPath = "";
			projectRoot = "";
			targets = (
				EF36AD1F2B74205700438A72 /* generic-api-backed */,
				EF36AD2F2B74205800438A72 /* generic-api-backedTests */,
				EF36AD392B74205800438A72 /* generic-api-backedUITests */,
			);
		};
/* End PBXProject section */

/* Begin PBXResourcesBuildPhase section */
		EF36AD1E2B74205700438A72 /* Resources */ = {
			isa = PBXResourcesBuildPhase;
			buildActionMask = 2147483647;
			files = (
				EF36AD2B2B74205800438A72 /* Preview Assets.xcassets in Resources */,
				EF36AD282B74205800438A72 /* Assets.xcassets in Resources */,
			);
			runOnlyForDeploymentPostprocessing = 0;
		};
		EF36AD2E2B74205800438A72 /* Resources */ = {
			isa = PBXResourcesBuildPhase;
			buildActionMask = 2147483647;
			files = (
			);
			runOnlyForDeploymentPostprocessing = 0;
		};
		EF36AD382B74205800438A72 /* Resources */ = {
			isa = PBXResourcesBuildPhase;
			buildActionMask = 2147483647;
			files = (
			);
			runOnlyForDeploymentPostprocessing = 0;
		};
/* End PBXResourcesBuildPhase section */

/* Begin PBXSourcesBuildPhase section */
		EF36AD1C2B74205700438A72 /* Sources */ = {
			isa = PBXSourcesBuildPhase;
			buildActionMask = 2147483647;
			files = (
				EF6DDA5D2B7D5A97007C9BAE /* ReportsArticlesHomeView.swift in Sources */,
				EF7C5E412B7BE4080053B85B /* ReportItemView.swift in Sources */,
				EFBA7DE42B7C2FF6009F7DBA /* ArticleDetailView.swift in Sources */,
				EF7C5E372B7AFEFB0053B85B /* SpaceFlightReport.swift in Sources */,
				EFBA7DE22B7C2FEC009F7DBA /* ArticleItemView.swift in Sources */,
				EF5601B12B83CC040008CF63 /* NavConfig.swift in Sources */,
				EF6DDA5F2B7D5ACF007C9BAE /* HomeScreenView.swift in Sources */,
				EF36AD262B74205700438A72 /* ContentView.swift in Sources */,
				EF7C5E392B7B24210053B85B /* ReportDetailView.swift in Sources */,
				AC30FF7E2B7C958600A2FEB1 /* StarView.swift in Sources */,
				EFBA7DDE2B7C2F80009F7DBA /* SpaceFlightArticle.swift in Sources */,
				EF36AD242B74205700438A72 /* generic_api_backedApp.swift in Sources */,
				EF7C5E3D2B7BDB350053B85B /* ReportListView.swift in Sources */,
				EFBA7DDA2B7C2CF4009F7DBA /* ArticleListView.swift in Sources */,
				EF4579242B7AB7BB00CABE3D /* OurAPI.swift in Sources */,
				EF5601B42B83D6C10008CF63 /* SearchButton.swift in Sources */,
			);
			runOnlyForDeploymentPostprocessing = 0;
		};
		EF36AD2C2B74205800438A72 /* Sources */ = {
			isa = PBXSourcesBuildPhase;
			buildActionMask = 2147483647;
			files = (
				EF36AD352B74205800438A72 /* generic_api_backedTests.swift in Sources */,
			);
			runOnlyForDeploymentPostprocessing = 0;
		};
		EF36AD362B74205800438A72 /* Sources */ = {
			isa = PBXSourcesBuildPhase;
			buildActionMask = 2147483647;
			files = (
				EF36AD3F2B74205800438A72 /* generic_api_backedUITests.swift in Sources */,
				EF36AD412B74205800438A72 /* generic_api_backedUITestsLaunchTests.swift in Sources */,
			);
			runOnlyForDeploymentPostprocessing = 0;
		};
/* End PBXSourcesBuildPhase section */

/* Begin PBXTargetDependency section */
		EF36AD322B74205800438A72 /* PBXTargetDependency */ = {
			isa = PBXTargetDependency;
			target = EF36AD1F2B74205700438A72 /* generic-api-backed */;
			targetProxy = EF36AD312B74205800438A72 /* PBXContainerItemProxy */;
		};
		EF36AD3C2B74205800438A72 /* PBXTargetDependency */ = {
			isa = PBXTargetDependency;
			target = EF36AD1F2B74205700438A72 /* generic-api-backed */;
			targetProxy = EF36AD3B2B74205800438A72 /* PBXContainerItemProxy */;
		};
/* End PBXTargetDependency section */

/* Begin XCBuildConfiguration section */
		EF36AD422B74205800438A72 /* Debug */ = {
			isa = XCBuildConfiguration;
			buildSettings = {
				ALWAYS_SEARCH_USER_PATHS = NO;
				ASSETCATALOG_COMPILER_GENERATE_SWIFT_ASSET_SYMBOL_EXTENSIONS = YES;
				CLANG_ANALYZER_NONNULL = YES;
				CLANG_ANALYZER_NUMBER_OBJECT_CONVERSION = YES_AGGRESSIVE;
				CLANG_CXX_LANGUAGE_STANDARD = "gnu++20";
				CLANG_ENABLE_MODULES = YES;
				CLANG_ENABLE_OBJC_ARC = YES;
				CLANG_ENABLE_OBJC_WEAK = YES;
				CLANG_WARN_BLOCK_CAPTURE_AUTORELEASING = YES;
				CLANG_WARN_BOOL_CONVERSION = YES;
				CLANG_WARN_COMMA = YES;
				CLANG_WARN_CONSTANT_CONVERSION = YES;
				CLANG_WARN_DEPRECATED_OBJC_IMPLEMENTATIONS = YES;
				CLANG_WARN_DIRECT_OBJC_ISA_USAGE = YES_ERROR;
				CLANG_WARN_DOCUMENTATION_COMMENTS = YES;
				CLANG_WARN_EMPTY_BODY = YES;
				CLANG_WARN_ENUM_CONVERSION = YES;
				CLANG_WARN_INFINITE_RECURSION = YES;
				CLANG_WARN_INT_CONVERSION = YES;
				CLANG_WARN_NON_LITERAL_NULL_CONVERSION = YES;
				CLANG_WARN_OBJC_IMPLICIT_RETAIN_SELF = YES;
				CLANG_WARN_OBJC_LITERAL_CONVERSION = YES;
				CLANG_WARN_OBJC_ROOT_CLASS = YES_ERROR;
				CLANG_WARN_QUOTED_INCLUDE_IN_FRAMEWORK_HEADER = YES;
				CLANG_WARN_RANGE_LOOP_ANALYSIS = YES;
				CLANG_WARN_STRICT_PROTOTYPES = YES;
				CLANG_WARN_SUSPICIOUS_MOVE = YES;
				CLANG_WARN_UNGUARDED_AVAILABILITY = YES_AGGRESSIVE;
				CLANG_WARN_UNREACHABLE_CODE = YES;
				CLANG_WARN__DUPLICATE_METHOD_MATCH = YES;
				COPY_PHASE_STRIP = NO;
				DEBUG_INFORMATION_FORMAT = dwarf;
				ENABLE_STRICT_OBJC_MSGSEND = YES;
				ENABLE_TESTABILITY = YES;
				ENABLE_USER_SCRIPT_SANDBOXING = YES;
				GCC_C_LANGUAGE_STANDARD = gnu17;
				GCC_DYNAMIC_NO_PIC = NO;
				GCC_NO_COMMON_BLOCKS = YES;
				GCC_OPTIMIZATION_LEVEL = 0;
				GCC_PREPROCESSOR_DEFINITIONS = (
					"DEBUG=1",
					"$(inherited)",
				);
				GCC_WARN_64_TO_32_BIT_CONVERSION = YES;
				GCC_WARN_ABOUT_RETURN_TYPE = YES_ERROR;
				GCC_WARN_UNDECLARED_SELECTOR = YES;
				GCC_WARN_UNINITIALIZED_AUTOS = YES_AGGRESSIVE;
				GCC_WARN_UNUSED_FUNCTION = YES;
				GCC_WARN_UNUSED_VARIABLE = YES;
				IPHONEOS_DEPLOYMENT_TARGET = 17.2;
				LOCALIZATION_PREFERS_STRING_CATALOGS = YES;
				MTL_ENABLE_DEBUG_INFO = INCLUDE_SOURCE;
				MTL_FAST_MATH = YES;
				ONLY_ACTIVE_ARCH = YES;
				SDKROOT = iphoneos;
				SWIFT_ACTIVE_COMPILATION_CONDITIONS = "DEBUG $(inherited)";
				SWIFT_OPTIMIZATION_LEVEL = "-Onone";
			};
			name = Debug;
		};
		EF36AD432B74205800438A72 /* Release */ = {
			isa = XCBuildConfiguration;
			buildSettings = {
				ALWAYS_SEARCH_USER_PATHS = NO;
				ASSETCATALOG_COMPILER_GENERATE_SWIFT_ASSET_SYMBOL_EXTENSIONS = YES;
				CLANG_ANALYZER_NONNULL = YES;
				CLANG_ANALYZER_NUMBER_OBJECT_CONVERSION = YES_AGGRESSIVE;
				CLANG_CXX_LANGUAGE_STANDARD = "gnu++20";
				CLANG_ENABLE_MODULES = YES;
				CLANG_ENABLE_OBJC_ARC = YES;
				CLANG_ENABLE_OBJC_WEAK = YES;
				CLANG_WARN_BLOCK_CAPTURE_AUTORELEASING = YES;
				CLANG_WARN_BOOL_CONVERSION = YES;
				CLANG_WARN_COMMA = YES;
				CLANG_WARN_CONSTANT_CONVERSION = YES;
				CLANG_WARN_DEPRECATED_OBJC_IMPLEMENTATIONS = YES;
				CLANG_WARN_DIRECT_OBJC_ISA_USAGE = YES_ERROR;
				CLANG_WARN_DOCUMENTATION_COMMENTS = YES;
				CLANG_WARN_EMPTY_BODY = YES;
				CLANG_WARN_ENUM_CONVERSION = YES;
				CLANG_WARN_INFINITE_RECURSION = YES;
				CLANG_WARN_INT_CONVERSION = YES;
				CLANG_WARN_NON_LITERAL_NULL_CONVERSION = YES;
				CLANG_WARN_OBJC_IMPLICIT_RETAIN_SELF = YES;
				CLANG_WARN_OBJC_LITERAL_CONVERSION = YES;
				CLANG_WARN_OBJC_ROOT_CLASS = YES_ERROR;
				CLANG_WARN_QUOTED_INCLUDE_IN_FRAMEWORK_HEADER = YES;
				CLANG_WARN_RANGE_LOOP_ANALYSIS = YES;
				CLANG_WARN_STRICT_PROTOTYPES = YES;
				CLANG_WARN_SUSPICIOUS_MOVE = YES;
				CLANG_WARN_UNGUARDED_AVAILABILITY = YES_AGGRESSIVE;
				CLANG_WARN_UNREACHABLE_CODE = YES;
				CLANG_WARN__DUPLICATE_METHOD_MATCH = YES;
				COPY_PHASE_STRIP = NO;
				DEBUG_INFORMATION_FORMAT = "dwarf-with-dsym";
				ENABLE_NS_ASSERTIONS = NO;
				ENABLE_STRICT_OBJC_MSGSEND = YES;
				ENABLE_USER_SCRIPT_SANDBOXING = YES;
				GCC_C_LANGUAGE_STANDARD = gnu17;
				GCC_NO_COMMON_BLOCKS = YES;
				GCC_WARN_64_TO_32_BIT_CONVERSION = YES;
				GCC_WARN_ABOUT_RETURN_TYPE = YES_ERROR;
				GCC_WARN_UNDECLARED_SELECTOR = YES;
				GCC_WARN_UNINITIALIZED_AUTOS = YES_AGGRESSIVE;
				GCC_WARN_UNUSED_FUNCTION = YES;
				GCC_WARN_UNUSED_VARIABLE = YES;
				IPHONEOS_DEPLOYMENT_TARGET = 17.2;
				LOCALIZATION_PREFERS_STRING_CATALOGS = YES;
				MTL_ENABLE_DEBUG_INFO = NO;
				MTL_FAST_MATH = YES;
				SDKROOT = iphoneos;
				SWIFT_COMPILATION_MODE = wholemodule;
				VALIDATE_PRODUCT = YES;
			};
			name = Release;
		};
		EF36AD452B74205800438A72 /* Debug */ = {
			isa = XCBuildConfiguration;
			buildSettings = {
				ASSETCATALOG_COMPILER_APPICON_NAME = AppIcon;
				ASSETCATALOG_COMPILER_GLOBAL_ACCENT_COLOR_NAME = AccentColor;
				CODE_SIGN_STYLE = Automatic;
				CURRENT_PROJECT_VERSION = 1;
				DEVELOPMENT_ASSET_PATHS = "\"generic-api-backed/Preview Content\"";
				DEVELOPMENT_TEAM = 4NLM4MYZ98;
				ENABLE_PREVIEWS = YES;
				GENERATE_INFOPLIST_FILE = YES;
				INFOPLIST_KEY_UIApplicationSceneManifest_Generation = YES;
				INFOPLIST_KEY_UIApplicationSupportsIndirectInputEvents = YES;
				INFOPLIST_KEY_UILaunchScreen_Generation = YES;
				INFOPLIST_KEY_UISupportedInterfaceOrientations_iPad = "UIInterfaceOrientationPortrait UIInterfaceOrientationPortraitUpsideDown UIInterfaceOrientationLandscapeLeft UIInterfaceOrientationLandscapeRight";
				INFOPLIST_KEY_UISupportedInterfaceOrientations_iPhone = "UIInterfaceOrientationPortrait UIInterfaceOrientationLandscapeLeft UIInterfaceOrientationLandscapeRight";
				LD_RUNPATH_SEARCH_PATHS = (
					"$(inherited)",
					"@executable_path/Frameworks",
				);
				MARKETING_VERSION = 1.0;
				PRODUCT_BUNDLE_IDENTIFIER = "nolandnguyen.com.generic-api-backed";
				PRODUCT_NAME = "$(TARGET_NAME)";
				SWIFT_EMIT_LOC_STRINGS = YES;
				SWIFT_VERSION = 5.0;
				TARGETED_DEVICE_FAMILY = "1,2";
			};
			name = Debug;
		};
		EF36AD462B74205800438A72 /* Release */ = {
			isa = XCBuildConfiguration;
			buildSettings = {
				ASSETCATALOG_COMPILER_APPICON_NAME = AppIcon;
				ASSETCATALOG_COMPILER_GLOBAL_ACCENT_COLOR_NAME = AccentColor;
				CODE_SIGN_STYLE = Automatic;
				CURRENT_PROJECT_VERSION = 1;
				DEVELOPMENT_ASSET_PATHS = "\"generic-api-backed/Preview Content\"";
				DEVELOPMENT_TEAM = 4NLM4MYZ98;
				ENABLE_PREVIEWS = YES;
				GENERATE_INFOPLIST_FILE = YES;
				INFOPLIST_KEY_UIApplicationSceneManifest_Generation = YES;
				INFOPLIST_KEY_UIApplicationSupportsIndirectInputEvents = YES;
				INFOPLIST_KEY_UILaunchScreen_Generation = YES;
				INFOPLIST_KEY_UISupportedInterfaceOrientations_iPad = "UIInterfaceOrientationPortrait UIInterfaceOrientationPortraitUpsideDown UIInterfaceOrientationLandscapeLeft UIInterfaceOrientationLandscapeRight";
				INFOPLIST_KEY_UISupportedInterfaceOrientations_iPhone = "UIInterfaceOrientationPortrait UIInterfaceOrientationLandscapeLeft UIInterfaceOrientationLandscapeRight";
				LD_RUNPATH_SEARCH_PATHS = (
					"$(inherited)",
					"@executable_path/Frameworks",
				);
				MARKETING_VERSION = 1.0;
				PRODUCT_BUNDLE_IDENTIFIER = "nolandnguyen.com.generic-api-backed";
				PRODUCT_NAME = "$(TARGET_NAME)";
				SWIFT_EMIT_LOC_STRINGS = YES;
				SWIFT_VERSION = 5.0;
				TARGETED_DEVICE_FAMILY = "1,2";
			};
			name = Release;
		};
		EF36AD482B74205800438A72 /* Debug */ = {
			isa = XCBuildConfiguration;
			buildSettings = {
				ALWAYS_EMBED_SWIFT_STANDARD_LIBRARIES = YES;
				BUNDLE_LOADER = "$(TEST_HOST)";
				CODE_SIGN_STYLE = Automatic;
				CURRENT_PROJECT_VERSION = 1;
				DEVELOPMENT_TEAM = 4NLM4MYZ98;
				GENERATE_INFOPLIST_FILE = YES;
				IPHONEOS_DEPLOYMENT_TARGET = 17.2;
				MARKETING_VERSION = 1.0;
				PRODUCT_BUNDLE_IDENTIFIER = "nolandnguyen.com.generic-api-backedTests";
				PRODUCT_NAME = "$(TARGET_NAME)";
				SWIFT_EMIT_LOC_STRINGS = NO;
				SWIFT_VERSION = 5.0;
				TARGETED_DEVICE_FAMILY = "1,2";
				TEST_HOST = "$(BUILT_PRODUCTS_DIR)/generic-api-backed.app/$(BUNDLE_EXECUTABLE_FOLDER_PATH)/generic-api-backed";
			};
			name = Debug;
		};
		EF36AD492B74205800438A72 /* Release */ = {
			isa = XCBuildConfiguration;
			buildSettings = {
				ALWAYS_EMBED_SWIFT_STANDARD_LIBRARIES = YES;
				BUNDLE_LOADER = "$(TEST_HOST)";
				CODE_SIGN_STYLE = Automatic;
				CURRENT_PROJECT_VERSION = 1;
				DEVELOPMENT_TEAM = 4NLM4MYZ98;
				GENERATE_INFOPLIST_FILE = YES;
				IPHONEOS_DEPLOYMENT_TARGET = 17.2;
				MARKETING_VERSION = 1.0;
				PRODUCT_BUNDLE_IDENTIFIER = "nolandnguyen.com.generic-api-backedTests";
				PRODUCT_NAME = "$(TARGET_NAME)";
				SWIFT_EMIT_LOC_STRINGS = NO;
				SWIFT_VERSION = 5.0;
				TARGETED_DEVICE_FAMILY = "1,2";
				TEST_HOST = "$(BUILT_PRODUCTS_DIR)/generic-api-backed.app/$(BUNDLE_EXECUTABLE_FOLDER_PATH)/generic-api-backed";
			};
			name = Release;
		};
		EF36AD4B2B74205800438A72 /* Debug */ = {
			isa = XCBuildConfiguration;
			buildSettings = {
				ALWAYS_EMBED_SWIFT_STANDARD_LIBRARIES = YES;
				CODE_SIGN_STYLE = Automatic;
				CURRENT_PROJECT_VERSION = 1;
				DEVELOPMENT_TEAM = 4NLM4MYZ98;
				GENERATE_INFOPLIST_FILE = YES;
				MARKETING_VERSION = 1.0;
				PRODUCT_BUNDLE_IDENTIFIER = "nolandnguyen.com.generic-api-backedUITests";
				PRODUCT_NAME = "$(TARGET_NAME)";
				SWIFT_EMIT_LOC_STRINGS = NO;
				SWIFT_VERSION = 5.0;
				TARGETED_DEVICE_FAMILY = "1,2";
				TEST_TARGET_NAME = "generic-api-backed";
			};
			name = Debug;
		};
		EF36AD4C2B74205800438A72 /* Release */ = {
			isa = XCBuildConfiguration;
			buildSettings = {
				ALWAYS_EMBED_SWIFT_STANDARD_LIBRARIES = YES;
				CODE_SIGN_STYLE = Automatic;
				CURRENT_PROJECT_VERSION = 1;
				DEVELOPMENT_TEAM = 4NLM4MYZ98;
				GENERATE_INFOPLIST_FILE = YES;
				MARKETING_VERSION = 1.0;
				PRODUCT_BUNDLE_IDENTIFIER = "nolandnguyen.com.generic-api-backedUITests";
				PRODUCT_NAME = "$(TARGET_NAME)";
				SWIFT_EMIT_LOC_STRINGS = NO;
				SWIFT_VERSION = 5.0;
				TARGETED_DEVICE_FAMILY = "1,2";
				TEST_TARGET_NAME = "generic-api-backed";
			};
			name = Release;
		};
/* End XCBuildConfiguration section */

/* Begin XCConfigurationList section */
		EF36AD1B2B74205700438A72 /* Build configuration list for PBXProject "generic-api-backed" */ = {
			isa = XCConfigurationList;
			buildConfigurations = (
				EF36AD422B74205800438A72 /* Debug */,
				EF36AD432B74205800438A72 /* Release */,
			);
			defaultConfigurationIsVisible = 0;
			defaultConfigurationName = Release;
		};
		EF36AD442B74205800438A72 /* Build configuration list for PBXNativeTarget "generic-api-backed" */ = {
			isa = XCConfigurationList;
			buildConfigurations = (
				EF36AD452B74205800438A72 /* Debug */,
				EF36AD462B74205800438A72 /* Release */,
			);
			defaultConfigurationIsVisible = 0;
			defaultConfigurationName = Release;
		};
		EF36AD472B74205800438A72 /* Build configuration list for PBXNativeTarget "generic-api-backedTests" */ = {
			isa = XCConfigurationList;
			buildConfigurations = (
				EF36AD482B74205800438A72 /* Debug */,
				EF36AD492B74205800438A72 /* Release */,
			);
			defaultConfigurationIsVisible = 0;
			defaultConfigurationName = Release;
		};
		EF36AD4A2B74205800438A72 /* Build configuration list for PBXNativeTarget "generic-api-backedUITests" */ = {
			isa = XCConfigurationList;
			buildConfigurations = (
				EF36AD4B2B74205800438A72 /* Debug */,
				EF36AD4C2B74205800438A72 /* Release */,
			);
			defaultConfigurationIsVisible = 0;
			defaultConfigurationName = Release;
		};
/* End XCConfigurationList section */
	};
	rootObject = EF36AD182B74205700438A72 /* Project object */;
}
